
Microsoft Visual Studio Solution File, Format Version 12.00
# Visual Studio 15
VisualStudioVersion = 15.0.28307.572
MinimumVisualStudioVersion = 10.0.40219.1
Project("{FAE04EC0-301F-11D3-BF4B-00C04F79EFBC}") = "McCannFitzgerald", "McCannFitzgerald\McCannFitzgerald.csproj", "{4A02305C-B47D-47B5-999D-6A2073678682}"
EndProject
Project("{2150E333-8FDC-42A3-9474-1A3956D46DE8}") = "Solution Items", "Solution Items", "{203A560B-058E-4EDA-AAEC-AE63CEC70858}"
	ProjectSection(SolutionItems) = preProject
		..\..\..\Desktop\McCannCode\Account.js = ..\..\..\Desktop\McCannCode\Account.js
		..\..\..\Desktop\McCannCode\Contact.js = ..\..\..\Desktop\McCannCode\Contact.js
		..\..\..\Desktop\McCannCode\McCannFitzCode.js = ..\..\..\Desktop\McCannCode\McCannFitzCode.js
		..\..\..\Desktop\McCannCode\Test.js = ..\..\..\Desktop\McCannCode\Test.js
	EndProjectSection
EndProject
Global
	GlobalSection(SolutionConfigurationPlatforms) = preSolution
		Debug|Any CPU = Debug|Any CPU
		Release|Any CPU = Release|Any CPU
	EndGlobalSection
	GlobalSection(ProjectConfigurationPlatforms) = postSolution
		{4A02305C-B47D-47B5-999D-6A2073678682}.Debug|Any CPU.ActiveCfg = Debug|Any CPU
		{4A02305C-B47D-47B5-999D-6A2073678682}.Debug|Any CPU.Build.0 = Debug|Any CPU
		{4A02305C-B47D-47B5-999D-6A2073678682}.Release|Any CPU.ActiveCfg = Release|Any CPU
		{4A02305C-B47D-47B5-999D-6A2073678682}.Release|Any CPU.Build.0 = Release|Any CPU
	EndGlobalSection
	GlobalSection(SolutionProperties) = preSolution
		HideSolutionNode = FALSE
	EndGlobalSection
	GlobalSection(ExtensibilityGlobals) = postSolution
		SolutionGuid = {BD847D75-1ED2-4E62-814E-D2DBFFEA8B47}
	EndGlobalSection
EndGlobal
